
Microsoft Visual Studio Solution File, Format Version 12.00
# Visual Studio 15
VisualStudioVersion = 15.0.26403.7
MinimumVisualStudioVersion = 10.0.40219.1
Project("{2150E333-8FDC-42A3-9474-1A3956D46DE8}") = "Solution Items", "Solution Items", "{A535560F-5610-4BF5-98B3-D3B70F64D8C1}"
	ProjectSection(SolutionItems) = preProject
		README.md = README.md
	EndProjectSection
EndProject
Project("{FAE04EC0-301F-11D3-BF4B-00C04F79EFBC}") = "Qap", "Qap\Qap.csproj", "{B5FEAD71-81DA-45E4-853E-1B432BA1E4DA}"
EndProject
Project("{FAE04EC0-301F-11D3-BF4B-00C04F79EFBC}") = "QapTray", "QapTray\QapTray.csproj", "{52BD4760-A153-4381-A2DD-62DB332CF344}"
EndProject
Project("{FAE04EC0-301F-11D3-BF4B-00C04F79EFBC}") = "QapServer", "QapServer\QapServer.csproj", "{79C68E34-4431-4E42-A54B-60FFB9A7256C}"
EndProject
Project("{FAE04EC0-301F-11D3-BF4B-00C04F79EFBC}") = "QapClient", "QapClient\QapClient.csproj", "{64F5B9BD-07CF-4A05-A851-02B2322BF5B3}"
EndProject
Project("{FAE04EC0-301F-11D3-BF4B-00C04F79EFBC}") = "QapShared", "QapShared\QapShared.csproj", "{6361348E-9B46-4E3E-93E0-8D7847F5699D}"
EndProject
Global
	GlobalSection(SolutionConfigurationPlatforms) = preSolution
		Debug|Any CPU = Debug|Any CPU
		Release|Any CPU = Release|Any CPU
	EndGlobalSection
	GlobalSection(ProjectConfigurationPlatforms) = postSolution
		{B5FEAD71-81DA-45E4-853E-1B432BA1E4DA}.Debug|Any CPU.ActiveCfg = Debug|Any CPU
		{B5FEAD71-81DA-45E4-853E-1B432BA1E4DA}.Debug|Any CPU.Build.0 = Debug|Any CPU
		{B5FEAD71-81DA-45E4-853E-1B432BA1E4DA}.Release|Any CPU.ActiveCfg = Release|Any CPU
		{B5FEAD71-81DA-45E4-853E-1B432BA1E4DA}.Release|Any CPU.Build.0 = Release|Any CPU
		{52BD4760-A153-4381-A2DD-62DB332CF344}.Debug|Any CPU.ActiveCfg = Debug|Any CPU
		{52BD4760-A153-4381-A2DD-62DB332CF344}.Debug|Any CPU.Build.0 = Debug|Any CPU
		{52BD4760-A153-4381-A2DD-62DB332CF344}.Release|Any CPU.ActiveCfg = Release|Any CPU
		{52BD4760-A153-4381-A2DD-62DB332CF344}.Release|Any CPU.Build.0 = Release|Any CPU
		{79C68E34-4431-4E42-A54B-60FFB9A7256C}.Debug|Any CPU.ActiveCfg = Debug|Any CPU
		{79C68E34-4431-4E42-A54B-60FFB9A7256C}.Debug|Any CPU.Build.0 = Debug|Any CPU
		{79C68E34-4431-4E42-A54B-60FFB9A7256C}.Release|Any CPU.ActiveCfg = Release|Any CPU
		{79C68E34-4431-4E42-A54B-60FFB9A7256C}.Release|Any CPU.Build.0 = Release|Any CPU
		{64F5B9BD-07CF-4A05-A851-02B2322BF5B3}.Debug|Any CPU.ActiveCfg = Debug|Any CPU
		{64F5B9BD-07CF-4A05-A851-02B2322BF5B3}.Debug|Any CPU.Build.0 = Debug|Any CPU
		{64F5B9BD-07CF-4A05-A851-02B2322BF5B3}.Release|Any CPU.ActiveCfg = Release|Any CPU
		{64F5B9BD-07CF-4A05-A851-02B2322BF5B3}.Release|Any CPU.Build.0 = Release|Any CPU
		{6361348E-9B46-4E3E-93E0-8D7847F5699D}.Debug|Any CPU.ActiveCfg = Debug|Any CPU
		{6361348E-9B46-4E3E-93E0-8D7847F5699D}.Debug|Any CPU.Build.0 = Debug|Any CPU
		{6361348E-9B46-4E3E-93E0-8D7847F5699D}.Release|Any CPU.ActiveCfg = Release|Any CPU
		{6361348E-9B46-4E3E-93E0-8D7847F5699D}.Release|Any CPU.Build.0 = Release|Any CPU
	EndGlobalSection
	GlobalSection(SolutionProperties) = preSolution
		HideSolutionNode = FALSE
	EndGlobalSection
EndGlobal
